
Microsoft Visual Studio Solution File, Format Version 12.00
# Visual Studio Version 16
VisualStudioVersion = 16.0.28803.202
MinimumVisualStudioVersion = 10.0.40219.1
Project("{FAE04EC0-301F-11D3-BF4B-00C04F79EFBC}") = "HomeWebServer", "HomeWebServer\HomeWebServer.csproj", "{3C12A36C-F42B-4994-BF63-9CDF09DFB9C2}"
EndProject
Global
	GlobalSection(SolutionConfigurationPlatforms) = preSolution
		Debug|Any CPU = Debug|Any CPU
		Release|Any CPU = Release|Any CPU
	EndGlobalSection
	GlobalSection(ProjectConfigurationPlatforms) = postSolution
		{3C12A36C-F42B-4994-BF63-9CDF09DFB9C2}.Debug|Any CPU.ActiveCfg = Debug|Any CPU
		{3C12A36C-F42B-4994-BF63-9CDF09DFB9C2}.Debug|Any CPU.Build.0 = Debug|Any CPU
		{3C12A36C-F42B-4994-BF63-9CDF09DFB9C2}.Release|Any CPU.ActiveCfg = Release|Any CPU
		{3C12A36C-F42B-4994-BF63-9CDF09DFB9C2}.Release|Any CPU.Build.0 = Release|Any CPU
	EndGlobalSection
	GlobalSection(SolutionProperties) = preSolution
		HideSolutionNode = FALSE
	EndGlobalSection
	GlobalSection(ExtensibilityGlobals) = postSolution
		SolutionGuid = {95293FED-7B24-4612-94C5-56D8B65B2525}
	EndGlobalSection
EndGlobal
